
Microsoft Visual Studio Solution File, Format Version 12.00
# Visual Studio Version 17
VisualStudioVersion = 17.0.31919.166
MinimumVisualStudioVersion = 10.0.40219.1
Project("{FAE04EC0-301F-11D3-BF4B-00C04F79EFBC}") = "API", "API.csproj", "{44208EA9-3AC9-4787-974B-A91CC06A5092}"
EndProject
Global
	GlobalSection(SolutionConfigurationPlatforms) = preSolution
		Debug|Any CPU = Debug|Any CPU
		Release|Any CPU = Release|Any CPU
	EndGlobalSection
	GlobalSection(ProjectConfigurationPlatforms) = postSolution
		{44208EA9-3AC9-4787-974B-A91CC06A5092}.Debug|Any CPU.ActiveCfg = Debug|Any CPU
		{44208EA9-3AC9-4787-974B-A91CC06A5092}.Debug|Any CPU.Build.0 = Debug|Any CPU
		{44208EA9-3AC9-4787-974B-A91CC06A5092}.Release|Any CPU.ActiveCfg = Release|Any CPU
		{44208EA9-3AC9-4787-974B-A91CC06A5092}.Release|Any CPU.Build.0 = Release|Any CPU
	EndGlobalSection
	GlobalSection(SolutionProperties) = preSolution
		HideSolutionNode = FALSE
	EndGlobalSection
	GlobalSection(ExtensibilityGlobals) = postSolution
		SolutionGuid = {D42099BF-589B-4254-927C-757DAD73A220}
	EndGlobalSection
EndGlobal
